
Microsoft Visual Studio Solution File, Format Version 12.00
# Visual Studio Version 16
VisualStudioVersion = 16.0.30611.23
MinimumVisualStudioVersion = 10.0.40219.1
Project("{FAE04EC0-301F-11D3-BF4B-00C04F79EFBC}") = "LN.Login", "LN.Login\LN.Login.csproj", "{0FC5E663-EBD1-4C3E-8BE1-123F7CC45304}"
EndProject
Project("{FAE04EC0-301F-11D3-BF4B-00C04F79EFBC}") = "LN.DashBoard", "..\LN.DashBoard\LN.DashBoard.csproj", "{0E8FDF51-3E74-40F0-8A6D-6A675E886892}"
EndProject
Project("{FAE04EC0-301F-11D3-BF4B-00C04F79EFBC}") = "SetupControl", "..\SetupControl\SetupControl.csproj", "{D12711FA-BBDB-4472-83B3-ABDCF4056605}"
EndProject
Project("{FAE04EC0-301F-11D3-BF4B-00C04F79EFBC}") = "LN.DbContext", "..\LN.DbContext\LN.DbContext.csproj", "{845315AC-7ED9-43E0-9A7D-F4F90523BEB7}"
EndProject
Project("{FAE04EC0-301F-11D3-BF4B-00C04F79EFBC}") = "LN.Services", "LN.Services\LN.Services.csproj", "{E4A23ECD-1EA3-419D-AF4E-864B5429A286}"
EndProject
Global
	GlobalSection(SolutionConfigurationPlatforms) = preSolution
		Debug|Any CPU = Debug|Any CPU
		Release|Any CPU = Release|Any CPU
	EndGlobalSection
	GlobalSection(ProjectConfigurationPlatforms) = postSolution
		{0FC5E663-EBD1-4C3E-8BE1-123F7CC45304}.Debug|Any CPU.ActiveCfg = Debug|Any CPU
		{0FC5E663-EBD1-4C3E-8BE1-123F7CC45304}.Debug|Any CPU.Build.0 = Debug|Any CPU
		{0FC5E663-EBD1-4C3E-8BE1-123F7CC45304}.Release|Any CPU.ActiveCfg = Release|Any CPU
		{0FC5E663-EBD1-4C3E-8BE1-123F7CC45304}.Release|Any CPU.Build.0 = Release|Any CPU
		{0E8FDF51-3E74-40F0-8A6D-6A675E886892}.Debug|Any CPU.ActiveCfg = Debug|Any CPU
		{0E8FDF51-3E74-40F0-8A6D-6A675E886892}.Debug|Any CPU.Build.0 = Debug|Any CPU
		{0E8FDF51-3E74-40F0-8A6D-6A675E886892}.Release|Any CPU.ActiveCfg = Release|Any CPU
		{0E8FDF51-3E74-40F0-8A6D-6A675E886892}.Release|Any CPU.Build.0 = Release|Any CPU
		{D12711FA-BBDB-4472-83B3-ABDCF4056605}.Debug|Any CPU.ActiveCfg = Debug|Any CPU
		{D12711FA-BBDB-4472-83B3-ABDCF4056605}.Debug|Any CPU.Build.0 = Debug|Any CPU
		{D12711FA-BBDB-4472-83B3-ABDCF4056605}.Release|Any CPU.ActiveCfg = Release|Any CPU
		{D12711FA-BBDB-4472-83B3-ABDCF4056605}.Release|Any CPU.Build.0 = Release|Any CPU
		{845315AC-7ED9-43E0-9A7D-F4F90523BEB7}.Debug|Any CPU.ActiveCfg = Debug|Any CPU
		{845315AC-7ED9-43E0-9A7D-F4F90523BEB7}.Debug|Any CPU.Build.0 = Debug|Any CPU
		{845315AC-7ED9-43E0-9A7D-F4F90523BEB7}.Release|Any CPU.ActiveCfg = Release|Any CPU
		{845315AC-7ED9-43E0-9A7D-F4F90523BEB7}.Release|Any CPU.Build.0 = Release|Any CPU
		{E4A23ECD-1EA3-419D-AF4E-864B5429A286}.Debug|Any CPU.ActiveCfg = Debug|Any CPU
		{E4A23ECD-1EA3-419D-AF4E-864B5429A286}.Debug|Any CPU.Build.0 = Debug|Any CPU
		{E4A23ECD-1EA3-419D-AF4E-864B5429A286}.Release|Any CPU.ActiveCfg = Release|Any CPU
		{E4A23ECD-1EA3-419D-AF4E-864B5429A286}.Release|Any CPU.Build.0 = Release|Any CPU
	EndGlobalSection
	GlobalSection(SolutionProperties) = preSolution
		HideSolutionNode = FALSE
	EndGlobalSection
	GlobalSection(ExtensibilityGlobals) = postSolution
		SolutionGuid = {1131C5E5-FC07-4D88-A136-FAD8F1E09ADA}
	EndGlobalSection
EndGlobal
